
Microsoft Visual Studio Solution File, Format Version 12.00
# Visual Studio Version 16
VisualStudioVersion = 16.0.29728.190
MinimumVisualStudioVersion = 10.0.40219.1
Project("{FAE04EC0-301F-11D3-BF4B-00C04F79EFBC}") = "NugetDemoConsApp", "NugetDemoConsApp\NugetDemoConsApp.csproj", "{B37D658E-1C20-4DA1-B510-C53998A35594}"
EndProject
Global
	GlobalSection(SolutionConfigurationPlatforms) = preSolution
		Debug|Any CPU = Debug|Any CPU
		Release|Any CPU = Release|Any CPU
	EndGlobalSection
	GlobalSection(ProjectConfigurationPlatforms) = postSolution
		{B37D658E-1C20-4DA1-B510-C53998A35594}.Debug|Any CPU.ActiveCfg = Debug|Any CPU
		{B37D658E-1C20-4DA1-B510-C53998A35594}.Debug|Any CPU.Build.0 = Debug|Any CPU
		{B37D658E-1C20-4DA1-B510-C53998A35594}.Release|Any CPU.ActiveCfg = Release|Any CPU
		{B37D658E-1C20-4DA1-B510-C53998A35594}.Release|Any CPU.Build.0 = Release|Any CPU
	EndGlobalSection
	GlobalSection(SolutionProperties) = preSolution
		HideSolutionNode = FALSE
	EndGlobalSection
	GlobalSection(ExtensibilityGlobals) = postSolution
		SolutionGuid = {C5A68392-3D8B-4F81-BEF1-4918762EAF0D}
	EndGlobalSection
EndGlobal
